
Microsoft Visual Studio Solution File, Format Version 12.00
# Visual Studio 15
VisualStudioVersion = 15.0.28307.136
MinimumVisualStudioVersion = 10.0.40219.1
Project("{FAE04EC0-301F-11D3-BF4B-00C04F79EFBC}") = "CashRegister", "CashRegister\CashRegister.csproj", "{40853B10-FA1D-4639-BB54-E3CD514F26EF}"
EndProject
Project("{FAE04EC0-301F-11D3-BF4B-00C04F79EFBC}") = "UnitTests", "UnitTests\UnitTests.csproj", "{58EAE636-D579-4428-B000-D49EDBE0C91F}"
EndProject
Global
	GlobalSection(SolutionConfigurationPlatforms) = preSolution
		Debug|Any CPU = Debug|Any CPU
		Release|Any CPU = Release|Any CPU
	EndGlobalSection
	GlobalSection(ProjectConfigurationPlatforms) = postSolution
		{40853B10-FA1D-4639-BB54-E3CD514F26EF}.Debug|Any CPU.ActiveCfg = Debug|Any CPU
		{40853B10-FA1D-4639-BB54-E3CD514F26EF}.Debug|Any CPU.Build.0 = Debug|Any CPU
		{40853B10-FA1D-4639-BB54-E3CD514F26EF}.Release|Any CPU.ActiveCfg = Release|Any CPU
		{40853B10-FA1D-4639-BB54-E3CD514F26EF}.Release|Any CPU.Build.0 = Release|Any CPU
		{58EAE636-D579-4428-B000-D49EDBE0C91F}.Debug|Any CPU.ActiveCfg = Debug|Any CPU
		{58EAE636-D579-4428-B000-D49EDBE0C91F}.Debug|Any CPU.Build.0 = Debug|Any CPU
		{58EAE636-D579-4428-B000-D49EDBE0C91F}.Release|Any CPU.ActiveCfg = Release|Any CPU
		{58EAE636-D579-4428-B000-D49EDBE0C91F}.Release|Any CPU.Build.0 = Release|Any CPU
	EndGlobalSection
	GlobalSection(SolutionProperties) = preSolution
		HideSolutionNode = FALSE
	EndGlobalSection
	GlobalSection(ExtensibilityGlobals) = postSolution
		SolutionGuid = {FA4D5F2B-E165-48AE-A918-424D0DB644DD}
	EndGlobalSection
EndGlobal
